{
  "name": "bit-bin",
  "version": "0.10.8-dev.1",
  "lockfileVersion": 1,
  "requires": true,
  "dependencies": {
    "lodash.uniqby": {
      "version": "4.7.0",
      "resolved": "https://registry.npmjs.org/lodash.uniqby/-/lodash.uniqby-4.7.0.tgz",
      "integrity": "sha1-2ZwHpmnp5tJOE2Lf4mbGdhavEwI="
    }
  }
}
