{
  "name": "@bit/bit.capsule-dev.core.capsule",
  "version": "0.0.10",
  "lockfileVersion": 1,
  "requires": true,
  "dependencies": {
    "@sinonjs/commons": {
      "version": "1.8.2",
      "resolved": "https://registry.npmjs.org/@sinonjs/commons/-/commons-1.8.2.tgz",
      "integrity": "sha512-sruwd86RJHdsVf/AtBoijDmUqJp3B6hF/DGC23C+JaegnDHaZyewCjoVGTdg3J0uz3Zs7NnIT05OBOmML72lQw==",
      "dev": true,
      "requires": {
        "type-detect": "4.0.8"
      }
    },
    "@sinonjs/formatio": {
      "version": "3.2.2",
      "resolved": "https://registry.npmjs.org/@sinonjs/formatio/-/formatio-3.2.2.tgz",
      "integrity": "sha512-B8SEsgd8gArBLMD6zpRw3juQ2FVSsmdd7qlevyDqzS9WTCtvF55/gAL+h6gue8ZvPYcdiPdvueM/qm//9XzyTQ==",
      "dev": true,
      "requires": {
        "@sinonjs/commons": "^1",
        "@sinonjs/samsam": "^3.1.0"
      }
    },
    "@sinonjs/samsam": {
      "version": "3.3.3",
      "resolved": "https://registry.npmjs.org/@sinonjs/samsam/-/samsam-3.3.3.tgz",
      "integrity": "sha512-bKCMKZvWIjYD0BLGnNrxVuw4dkWCYsLqFOUWw8VgKF/+5Y+mE7LfHWPIYoDXowH+3a9LsWDMo0uAP8YDosPvHQ==",
      "dev": true,
      "requires": {
        "@sinonjs/commons": "^1.3.0",
        "array-from": "^2.1.1",
        "lodash": "^4.17.15"
      }
    },
    "@sinonjs/text-encoding": {
      "version": "0.7.1",
      "resolved": "https://registry.npmjs.org/@sinonjs/text-encoding/-/text-encoding-0.7.1.tgz",
      "integrity": "sha512-+iTbntw2IZPb/anVDbypzfQa+ay64MW0Zo8aJ8gZPWMMK6/OubMVb6lUPMagqjOPnmtauXnFCACVl3O7ogjeqQ==",
      "dev": true
    },
    "array-from": {
      "version": "2.1.1",
      "resolved": "https://registry.npmjs.org/array-from/-/array-from-2.1.1.tgz",
      "integrity": "sha1-z+nYwmYoudxa7MYqn12PHzUsEZU=",
      "dev": true
    },
    "assertion-error": {
      "version": "1.1.0",
      "resolved": "https://registry.npmjs.org/assertion-error/-/assertion-error-1.1.0.tgz",
      "integrity": "sha512-jgsaNduz+ndvGyFt3uSuWqvy4lCnIJiovtouQN5JZHOKCS2QuhEdbcQHFhVksz2N2U9hXJo8odG7ETyWlEeuDw==",
      "dev": true
    },
    "chai": {
      "version": "4.2.0",
      "resolved": "https://registry.npmjs.org/chai/-/chai-4.2.0.tgz",
      "integrity": "sha512-XQU3bhBukrOsQCuwZndwGcCVQHyZi53fQ6Ys1Fym7E4olpIqqZZhhoFJoaKVvV17lWQoXYwgWN2nF5crA8J2jw==",
      "dev": true,
      "requires": {
        "assertion-error": "^1.1.0",
        "check-error": "^1.0.2",
        "deep-eql": "^3.0.1",
        "get-func-name": "^2.0.0",
        "pathval": "^1.1.0",
        "type-detect": "^4.0.5"
      }
    },
    "check-error": {
      "version": "1.0.2",
      "resolved": "https://registry.npmjs.org/check-error/-/check-error-1.0.2.tgz",
      "integrity": "sha1-V00xLt2Iu13YkS6Sht1sCu1KrII=",
      "dev": true
    },
    "deep-eql": {
      "version": "3.0.1",
      "resolved": "https://registry.npmjs.org/deep-eql/-/deep-eql-3.0.1.tgz",
      "integrity": "sha512-+QeIQyN5ZuO+3Uk5DYh6/1eKO0m0YmJFGNmFHGACpf1ClL1nmlV/p4gNgbl2pJGxgXb4faqo6UE+M5ACEMyVcw==",
      "dev": true,
      "requires": {
        "type-detect": "^4.0.0"
      }
    },
    "diff": {
      "version": "3.5.0",
      "resolved": "https://registry.npmjs.org/diff/-/diff-3.5.0.tgz",
      "integrity": "sha512-A46qtFgd+g7pDZinpnwiRJtxbC1hpgf0uzP3iG89scHk0AUC7A1TGxf5OiiOUv/JMZR8GOt8hL900hV0bOy5xA==",
      "dev": true
    },
    "fast-extend": {
      "version": "0.0.2",
      "resolved": "https://registry.npmjs.org/fast-extend/-/fast-extend-0.0.2.tgz",
      "integrity": "sha1-9exCz0C5Rg9SGmOH37Ut7u1nHb0="
    },
    "fs-monkey": {
      "version": "0.3.3",
      "resolved": "https://registry.npmjs.org/fs-monkey/-/fs-monkey-0.3.3.tgz",
      "integrity": "sha512-FNUvuTAJ3CqCQb5ELn+qCbGR/Zllhf2HtwsdAtBi59s1WeCjKMT81fHcSu7dwIskqGVK+MmOrb7VOBlq3/SItw=="
    },
    "get-func-name": {
      "version": "2.0.0",
      "resolved": "https://registry.npmjs.org/get-func-name/-/get-func-name-2.0.0.tgz",
      "integrity": "sha1-6td0q+5y4gQJQzoGY2YCPdaIekE=",
      "dev": true
    },
    "has-flag": {
      "version": "3.0.0",
      "resolved": "https://registry.npmjs.org/has-flag/-/has-flag-3.0.0.tgz",
      "integrity": "sha1-tdRU3CGZriJWmfNGfloH87lVuv0=",
      "dev": true
    },
    "inherits": {
      "version": "2.0.4",
      "resolved": "https://registry.npmjs.org/inherits/-/inherits-2.0.4.tgz",
      "integrity": "sha512-k/vGaX4/Yla3WzyMCvTQOXYeIHvqOKtnqBduzTHpzpQZzAskKMhZ2K+EnBiSM9zGSoIFeMpXKxa4dYeZIQqewQ=="
    },
    "isarray": {
      "version": "0.0.1",
      "resolved": "https://registry.npmjs.org/isarray/-/isarray-0.0.1.tgz",
      "integrity": "sha1-ihis/Kmo9Bd+Cav8YDiTmwXR7t8=",
      "dev": true
    },
    "just-extend": {
      "version": "4.1.1",
      "resolved": "https://registry.npmjs.org/just-extend/-/just-extend-4.1.1.tgz",
      "integrity": "sha512-aWgeGFW67BP3e5181Ep1Fv2v8z//iBJfrvyTnq8wG86vEESwmonn1zPBJ0VfmT9CJq2FIT0VsETtrNFm2a+SHA==",
      "dev": true
    },
    "lodash": {
      "version": "4.17.20",
      "resolved": "https://registry.npmjs.org/lodash/-/lodash-4.17.20.tgz",
      "integrity": "sha512-PlhdFcillOINfeV7Ni6oF1TAEayyZBoZ8bcshTHqOYJYlrqzRK5hagpagky5o4HfCzzd1TRkXPMFq6cKk9rGmA==",
      "dev": true
    },
    "lolex": {
      "version": "4.2.0",
      "resolved": "https://registry.npmjs.org/lolex/-/lolex-4.2.0.tgz",
      "integrity": "sha512-gKO5uExCXvSm6zbF562EvM+rd1kQDnB9AZBbiQVzf1ZmdDpxUSvpnAaVOP83N/31mRK8Ml8/VE8DMvsAZQ+7wg==",
      "dev": true
    },
    "memfs": {
      "version": "2.14.2",
      "resolved": "https://registry.npmjs.org/memfs/-/memfs-2.14.2.tgz",
      "integrity": "sha512-y19j9L+b8nuDKwuwrrIOiDhDD2bi7pfL1/Z8kfCyPaoZzHxX2aRcI2Q5T6qdUzqVHWd3plAfxeDT3Crb2eCwUw==",
      "requires": {
        "fast-extend": "0.0.2",
        "fs-monkey": "^0.3.3"
      }
    },
    "nise": {
      "version": "1.5.3",
      "resolved": "https://registry.npmjs.org/nise/-/nise-1.5.3.tgz",
      "integrity": "sha512-Ymbac/94xeIrMf59REBPOv0thr+CJVFMhrlAkW/gjCIE58BGQdCj0x7KRCb3yz+Ga2Rz3E9XXSvUyyxqqhjQAQ==",
      "dev": true,
      "requires": {
        "@sinonjs/formatio": "^3.2.1",
        "@sinonjs/text-encoding": "^0.7.1",
        "just-extend": "^4.0.2",
        "lolex": "^5.0.1",
        "path-to-regexp": "^1.7.0"
      },
      "dependencies": {
        "lolex": {
          "version": "5.1.2",
          "resolved": "https://registry.npmjs.org/lolex/-/lolex-5.1.2.tgz",
          "integrity": "sha512-h4hmjAvHTmd+25JSwrtTIuwbKdwg5NzZVRMLn9saij4SZaepCrTCxPr35H/3bjwfMJtN+t3CX8672UIkglz28A==",
          "dev": true,
          "requires": {
            "@sinonjs/commons": "^1.7.0"
          }
        }
      }
    },
    "path-to-regexp": {
      "version": "1.8.0",
      "resolved": "https://registry.npmjs.org/path-to-regexp/-/path-to-regexp-1.8.0.tgz",
      "integrity": "sha512-n43JRhlUKUAlibEJhPeir1ncUID16QnEjNpwzNdO3Lm4ywrBpBZ5oLD0I6br9evr1Y9JTqwRtAh7JLoOzAQdVA==",
      "dev": true,
      "requires": {
        "isarray": "0.0.1"
      }
    },
    "pathval": {
      "version": "1.1.0",
      "resolved": "https://registry.npmjs.org/pathval/-/pathval-1.1.0.tgz",
      "integrity": "sha1-uULm1L3mUwBe9rcTYd74cn0GReA=",
      "dev": true
    },
    "readable-stream": {
      "version": "3.6.0",
      "resolved": "https://registry.npmjs.org/readable-stream/-/readable-stream-3.6.0.tgz",
      "integrity": "sha512-BViHy7LKeTz4oNnkcLJ+lVSL6vpiFeX6/d3oSH8zCW7UxP2onchk+vTGB143xuFjHS3deTgkKoXXymXqymiIdA==",
      "requires": {
        "inherits": "^2.0.3",
        "string_decoder": "^1.1.1",
        "util-deprecate": "^1.0.1"
      }
    },
    "safe-buffer": {
      "version": "5.2.1",
      "resolved": "https://registry.npmjs.org/safe-buffer/-/safe-buffer-5.2.1.tgz",
      "integrity": "sha512-rp3So07KcdmmKbGvgaNxQSJr7bGVSVk5S9Eq1F+ppbRo70+YeaDxkw5Dd8NPN+GD6bjnYm2VuPuCXmpuYvmCXQ=="
    },
    "sinon": {
      "version": "7.5.0",
      "resolved": "https://registry.npmjs.org/sinon/-/sinon-7.5.0.tgz",
      "integrity": "sha512-AoD0oJWerp0/rY9czP/D6hDTTUYGpObhZjMpd7Cl/A6+j0xBE+ayL/ldfggkBXUs0IkvIiM1ljM8+WkOc5k78Q==",
      "dev": true,
      "requires": {
        "@sinonjs/commons": "^1.4.0",
        "@sinonjs/formatio": "^3.2.1",
        "@sinonjs/samsam": "^3.3.3",
        "diff": "^3.5.0",
        "lolex": "^4.2.0",
        "nise": "^1.5.2",
        "supports-color": "^5.5.0"
      }
    },
    "string_decoder": {
      "version": "1.3.0",
      "resolved": "https://registry.npmjs.org/string_decoder/-/string_decoder-1.3.0.tgz",
      "integrity": "sha512-hkRX8U1WjJFd8LsDJ2yQ/wWWxaopEsABU1XfkM8A+j0+85JAGppt16cr1Whg6KIbb4okU6Mql6BOj+uup/wKeA==",
      "requires": {
        "safe-buffer": "~5.2.0"
      }
    },
    "supports-color": {
      "version": "5.5.0",
      "resolved": "https://registry.npmjs.org/supports-color/-/supports-color-5.5.0.tgz",
      "integrity": "sha512-QjVjwdXIt408MIiAqCX4oUKsgU2EqAGzs2Ppkm4aQYbjm+ZEWEcW4SfFNTr4uMNZma0ey4f5lgLrkB0aX0QMow==",
      "dev": true,
      "requires": {
        "has-flag": "^3.0.0"
      }
    },
    "type-detect": {
      "version": "4.0.8",
      "resolved": "https://registry.npmjs.org/type-detect/-/type-detect-4.0.8.tgz",
      "integrity": "sha512-0fr/mIH1dlO+x7TlcMy+bIDqKPsw/70tVyeHW787goQjhmqaZe10uwLujubK9q9Lg6Fiho1KUKDYz0Z7k7g5/g==",
      "dev": true
    },
    "unionfs": {
      "version": "3.0.2",
      "resolved": "https://registry.npmjs.org/unionfs/-/unionfs-3.0.2.tgz",
      "integrity": "sha512-PmPNhDthSs60NkvZOj9vUKGacNgZWXpimw5tkqNzNA5Aoan114ISjTnkBxii36b3upQQPKCflz55vQQMQ6z8WQ==",
      "requires": {
        "fs-monkey": "^0.2.2"
      },
      "dependencies": {
        "fs-monkey": {
          "version": "0.2.2",
          "resolved": "https://registry.npmjs.org/fs-monkey/-/fs-monkey-0.2.2.tgz",
          "integrity": "sha512-iGmwUuLYN6COLpwBqs9RfBREWkMbbRC7Xj+tsqcW/iaRI7KmUcjnScDLJxSIJo4DM85w76fdVWgagQHzClA0WA=="
        }
      }
    },
    "util-deprecate": {
      "version": "1.0.2",
      "resolved": "https://registry.npmjs.org/util-deprecate/-/util-deprecate-1.0.2.tgz",
      "integrity": "sha1-RQ1Nyfpw3nMnYvvS1KKJgUGaDM8="
    }
  }
}
