{
  "name": "bit-rust-dependency-integration-test-tools",
  "version": "1.0.0",
  "lockfileVersion": 3,
  "requires": true,
  "packages": {
    "": {
      "name": "bit-rust-dependency-integration-test-tools",
      "version": "1.0.0",
      "dependencies": {
        "@teambit/mdx.deps-detectors.detective-mdx": "0.0.5",
        "@teambit/node.deps-detectors.detective-es6": "0.0.6",
        "@teambit/styling.deps-detectors.detective-css": "0.0.6",
        "@teambit/styling.deps-detectors.detective-less": "0.0.6",
        "@teambit/styling.deps-detectors.detective-sass": "0.0.9",
        "@teambit/styling.deps-detectors.detective-scss": "0.0.9",
        "@teambit/styling.deps-lookups.lookup-styling": "0.0.4",
        "@teambit/typescript.deps-detectors.detective-typescript": "0.0.10",
        "@teambit/typescript.deps-lookups.lookup-typescript": "0.0.2",
        "debug": "4.3.4",
        "detective-amd": "3.0.1",
        "detective-stylus": "1.0.0",
        "fs-extra": "10.0.0",
        "module-definition": "3.3.1",
        "node-source-walk": "4.2.0",
        "postcss": "8.4.45",
        "resolve-dependency-path": "2.0.0",
        "stylus-lookup": "3.0.2",
        "typescript": "5.9.2"
      }
    },
    "node_modules/@babel/helper-string-parser": {
      "version": "7.29.7",
      "resolved": "https://registry.npmjs.org/@babel/helper-string-parser/-/helper-string-parser-7.29.7.tgz",
      "integrity": "sha512-Pb5ijPrZ89GDH8223L4UP8i6QApWxs04RbPQJTeWDV0/keR2E36MeKnyr6LYmUUvqRRI+Iv87SuF1W6ErINzYw==",
      "license": "MIT",
      "engines": {
        "node": ">=6.9.0"
      }
    },
    "node_modules/@babel/helper-validator-identifier": {
      "version": "7.29.7",
      "resolved": "https://registry.npmjs.org/@babel/helper-validator-identifier/-/helper-validator-identifier-7.29.7.tgz",
      "integrity": "sha512-qehxGkRj55h/ff8EMaJ+cYhyaKlHIxqYDn682wQD7RNp9UujOQsHog2uS0r2vzr4pW+sXf90NeeayjcNaX3fFg==",
      "license": "MIT",
      "engines": {
        "node": ">=6.9.0"
      }
    },
    "node_modules/@babel/parser": {
      "version": "7.29.8",
      "resolved": "https://registry.npmjs.org/@babel/parser/-/parser-7.29.8.tgz",
      "integrity": "sha512-E8lTAYNB1KW+FH+VGJuZM1ioAx2E6oVlvQFRrf5P8ZZmsiJXYAD9vTFV7yyEURNzgh1dFqMZuO6tUwcARbqFCA==",
      "license": "MIT",
      "dependencies": {
        "@babel/types": "^7.29.8"
      },
      "bin": {
        "parser": "bin/babel-parser.js"
      },
      "engines": {
        "node": ">=6.0.0"
      }
    },
    "node_modules/@babel/types": {
      "version": "7.29.8",
      "resolved": "https://registry.npmjs.org/@babel/types/-/types-7.29.8.tgz",
      "integrity": "sha512-Vj1jF3cPfxg7OAfoI7QnVKLoILlm2JF9pnVHrX8qx7AHMiYWT+NDAA7jChlNgRS4WTLc/fD1lXLmPixluj+3Gg==",
      "license": "MIT",
      "dependencies": {
        "@babel/helper-string-parser": "^7.29.7",
        "@babel/helper-validator-identifier": "^7.29.7"
      },
      "engines": {
        "node": ">=6.9.0"
      }
    },
    "node_modules/@nodelib/fs.scandir": {
      "version": "2.1.5",
      "resolved": "https://registry.npmjs.org/@nodelib/fs.scandir/-/fs.scandir-2.1.5.tgz",
      "integrity": "sha512-vq24Bq3ym5HEQm2NKCr3yXDwjc7vTsEThRDnkp2DK9p1uqLR+DHurm/NOTo0KG7HYHU7eppKZj3MyqYuMBf62g==",
      "license": "MIT",
      "dependencies": {
        "@nodelib/fs.stat": "2.0.5",
        "run-parallel": "^1.1.9"
      },
      "engines": {
        "node": ">= 8"
      }
    },
    "node_modules/@nodelib/fs.stat": {
      "version": "2.0.5",
      "resolved": "https://registry.npmjs.org/@nodelib/fs.stat/-/fs.stat-2.0.5.tgz",
      "integrity": "sha512-RkhPPp2zrqDAQA/2jNhnztcPAlv64XdhIp7a7454A5ovI7Bukxgt7MX7udwAu3zg1DcpPU0rz3VV1SeaqvY4+A==",
      "license": "MIT",
      "engines": {
        "node": ">= 8"
      }
    },
    "node_modules/@nodelib/fs.walk": {
      "version": "1.2.8",
      "resolved": "https://registry.npmjs.org/@nodelib/fs.walk/-/fs.walk-1.2.8.tgz",
      "integrity": "sha512-oGB+UxlgWcgQkgwo8GcEGwemoTFt3FIO9ababBmaGwXIoBKZ+GTy0pP185beGg7Llih/NSHSV2XAs1lnznocSg==",
      "license": "MIT",
      "dependencies": {
        "@nodelib/fs.scandir": "2.1.5",
        "fastq": "^1.6.0"
      },
      "engines": {
        "node": ">= 8"
      }
    },
    "node_modules/@teambit/mdx.deps-detectors.detective-mdx": {
      "version": "0.0.5",
      "resolved": "https://node-registry.bit.cloud/@teambit/mdx.deps-detectors.detective-mdx/-/mdx.deps-detectors.detective-mdx-0.0.5.tgz",
      "integrity": "sha512-hAmwUwKVXhb6g+dsWjcrR04qcyro+L5DIDeCQaAv0QlS6rPd7SRtJ1vYo21uLKqsaa/JP9iYmaW4C2G952dFSA==",
      "license": "Apache-2.0",
      "engines": {
        "node": ">=20.0.0"
      }
    },
    "node_modules/@teambit/node.deps-detectors.detective-es6": {
      "version": "0.0.6",
      "resolved": "https://node-registry.bit.cloud/@teambit/node.deps-detectors.detective-es6/-/node.deps-detectors.detective-es6-0.0.6.tgz",
      "integrity": "sha512-f037vg5sK1mhiMqGlnYqo9c+hH+93D6DB+6OL5vw9gO8IqXwQywFxtXVU5bTMLmxg3U/3Dbr60B8U2UJ8IbgGg==",
      "license": "SEE LICENSE IN UNLICENSED",
      "dependencies": {
        "@teambit/node.deps-detectors.parser-helper": "0.0.6",
        "node-source-walk": "^6.0.2"
      }
    },
    "node_modules/@teambit/node.deps-detectors.detective-es6/node_modules/node-source-walk": {
      "version": "6.0.2",
      "resolved": "https://registry.npmjs.org/node-source-walk/-/node-source-walk-6.0.2.tgz",
      "integrity": "sha512-jn9vOIK/nfqoFCcpK89/VCVaLg1IHE6UVfDOzvqmANaJ/rWCTEdH8RZ1V278nv2jr36BJdyQXIAavBLXpzdlag==",
      "license": "MIT",
      "dependencies": {
        "@babel/parser": "^7.21.8"
      },
      "engines": {
        "node": ">=14"
      }
    },
    "node_modules/@teambit/node.deps-detectors.parser-helper": {
      "version": "0.0.6",
      "resolved": "https://node-registry.bit.cloud/@teambit/node.deps-detectors.parser-helper/-/node.deps-detectors.parser-helper-0.0.6.tgz",
      "integrity": "sha512-dSHRaKL9ScGkWx2+NE/smUqBrhC+knh9u5aCREKohkBCejt0siZDsu7toQP5/mtwBOrlU97KjJBxbKXr32rIDQ==",
      "license": "SEE LICENSE IN UNLICENSED"
    },
    "node_modules/@teambit/styling.deps-detectors.detective-css": {
      "version": "0.0.6",
      "resolved": "https://node-registry.bit.cloud/@teambit/styling.deps-detectors.detective-css/-/styling.deps-detectors.detective-css-0.0.6.tgz",
      "integrity": "sha512-o/VDx1sfl9wGB6ZxqUrCqrRqahpDa0Chdr96d5rgC9T6XQlprvGl06hPjaQ05u38hf0NJC4JNvoMvZ1RmcVgcg==",
      "license": "SEE LICENSE IN UNLICENSED",
      "dependencies": {
        "@teambit/styling.deps-detectors.detective-css-and-preprocessors": "0.0.9"
      }
    },
    "node_modules/@teambit/styling.deps-detectors.detective-css-and-preprocessors": {
      "version": "0.0.9",
      "resolved": "https://node-registry.bit.cloud/@teambit/styling.deps-detectors.detective-css-and-preprocessors/-/styling.deps-detectors.detective-css-and-preprocessors-0.0.9.tgz",
      "integrity": "sha512-eMK7rsZm+gQtZBr/gEG5ScdeMNuxefcM03IsJCwlTzYG6bGYKQvKZKg52odNeTCffEof13nSqCY1s/SJwdliWw==",
      "license": "SEE LICENSE IN UNLICENSED",
      "dependencies": {
        "css-tree": "^2.3.1",
        "debug": "^4.3.7",
        "gonzales-pe": "^4.3.0",
        "is-url": "^1.2.4",
        "postcss-scss": "^4.0.9"
      }
    },
    "node_modules/@teambit/styling.deps-detectors.detective-css-and-preprocessors/node_modules/debug": {
      "version": "4.4.3",
      "resolved": "https://registry.npmjs.org/debug/-/debug-4.4.3.tgz",
      "integrity": "sha512-RGwwWnwQvkVfavKVt22FGLw+xYSdzARwm0ru6DhTVA3umU5hZc28V3kO4stgYryrTlLpuvgI9GiijltAjNbcqA==",
      "license": "MIT",
      "dependencies": {
        "ms": "^2.1.3"
      },
      "engines": {
        "node": ">=6.0"
      },
      "peerDependenciesMeta": {
        "supports-color": {
          "optional": true
        }
      }
    },
    "node_modules/@teambit/styling.deps-detectors.detective-css-and-preprocessors/node_modules/ms": {
      "version": "2.1.3",
      "resolved": "https://registry.npmjs.org/ms/-/ms-2.1.3.tgz",
      "integrity": "sha512-6FlzubTLZG3J2a/NVCAleEhjzq5oxgHyaCU9yYXvcLsvoVaHJq/s5xXI6/XXP6tz7R9xAOtHnSO/tXtF3WRTlA==",
      "license": "MIT"
    },
    "node_modules/@teambit/styling.deps-detectors.detective-less": {
      "version": "0.0.6",
      "resolved": "https://node-registry.bit.cloud/@teambit/styling.deps-detectors.detective-less/-/styling.deps-detectors.detective-less-0.0.6.tgz",
      "integrity": "sha512-HQtMm4Zc+waM9M4ziENPrZIEqfalGxDgF2MnwmtFf4ZumM4xfe3kBsEv1CBFHj4gKLD03D19U7o1G/aQ3xRLyw==",
      "license": "SEE LICENSE IN UNLICENSED",
      "dependencies": {
        "@teambit/styling.deps-detectors.detective-css-and-preprocessors": "0.0.9"
      }
    },
    "node_modules/@teambit/styling.deps-detectors.detective-sass": {
      "version": "0.0.9",
      "resolved": "https://node-registry.bit.cloud/@teambit/styling.deps-detectors.detective-sass/-/styling.deps-detectors.detective-sass-0.0.9.tgz",
      "integrity": "sha512-GsBIC0ZAPxufSIfQSiQrgwNRsK/h3TkCydd9c7V2ocpexOcIW+6sfwmGCLOzqvj6LMdJhdCdmgvTgQ7/Tsnvyw==",
      "license": "SEE LICENSE IN UNLICENSED",
      "dependencies": {
        "@teambit/styling.deps-detectors.detective-css-and-preprocessors": "0.0.9"
      }
    },
    "node_modules/@teambit/styling.deps-detectors.detective-scss": {
      "version": "0.0.9",
      "resolved": "https://node-registry.bit.cloud/@teambit/styling.deps-detectors.detective-scss/-/styling.deps-detectors.detective-scss-0.0.9.tgz",
      "integrity": "sha512-BtjEBespRkCNgrHnQQW9DEiiu8jC5nbfBf8PAr2HW6WqipW+zuDTwYqDHBcSMW54F3d74u0AsV/gKzZFfmfqtQ==",
      "license": "SEE LICENSE IN UNLICENSED",
      "dependencies": {
        "@teambit/styling.deps-detectors.detective-css-and-preprocessors": "0.0.9"
      }
    },
    "node_modules/@teambit/styling.deps-lookups.lookup-styling": {
      "version": "0.0.4",
      "resolved": "https://node-registry.bit.cloud/@teambit/styling.deps-lookups.lookup-styling/-/styling.deps-lookups.lookup-styling-0.0.4.tgz",
      "integrity": "sha512-DRaEx6ZcigDYcnmaX+V3fVS+kHjaEpifw4AkGhdRjV70tZQYVemusqXp3CFGx/JLeOG+Ku8VUdoSv6QIxmqvsw==",
      "license": "SEE LICENSE IN UNLICENSED",
      "dependencies": {
        "enhanced-resolve": "^5.15.0",
        "is-relative-path": "^2.0.0",
        "sass-lookup": "^5.0.1"
      }
    },
    "node_modules/@teambit/typescript.deps-detectors.detective-typescript": {
      "version": "0.0.10",
      "resolved": "https://node-registry.bit.cloud/@teambit/typescript.deps-detectors.detective-typescript/-/typescript.deps-detectors.detective-typescript-0.0.10.tgz",
      "integrity": "sha512-RPHrkHxnXWl8C++ns92PxYVKWLmNMGXWsYTeVa6EtDkW49z9aP4VkLPci5c4GUHLEPxepWxmAKBhrkVquBihmA==",
      "license": "SEE LICENSE IN UNLICENSED",
      "dependencies": {
        "@teambit/node.deps-detectors.parser-helper": "0.0.6",
        "@typescript-eslint/typescript-estree": "^8.39.0",
        "node-source-walk": "^6.0.2"
      },
      "peerDependencies": {
        "typescript": "5.5.3"
      }
    },
    "node_modules/@teambit/typescript.deps-detectors.detective-typescript/node_modules/@typescript-eslint/project-service": {
      "version": "8.39.0",
      "resolved": "https://registry.npmjs.org/@typescript-eslint/project-service/-/project-service-8.39.0.tgz",
      "integrity": "sha512-CTzJqaSq30V/Z2Og9jogzZt8lJRR5TKlAdXmWgdu4hgcC9Kww5flQ+xFvMxIBWVNdxJO7OifgdOK4PokMIWPew==",
      "license": "MIT",
      "dependencies": {
        "@typescript-eslint/tsconfig-utils": "^8.39.0",
        "@typescript-eslint/types": "^8.39.0",
        "debug": "^4.3.4"
      },
      "engines": {
        "node": "^18.18.0 || ^20.9.0 || >=21.1.0"
      },
      "funding": {
        "type": "opencollective",
        "url": "https://opencollective.com/typescript-eslint"
      },
      "peerDependencies": {
        "typescript": ">=4.8.4 <6.0.0"
      }
    },
    "node_modules/@teambit/typescript.deps-detectors.detective-typescript/node_modules/@typescript-eslint/tsconfig-utils": {
      "version": "8.39.0",
      "resolved": "https://registry.npmjs.org/@typescript-eslint/tsconfig-utils/-/tsconfig-utils-8.39.0.tgz",
      "integrity": "sha512-Fd3/QjmFV2sKmvv3Mrj8r6N8CryYiCS8Wdb/6/rgOXAWGcFuc+VkQuG28uk/4kVNVZBQuuDHEDUpo/pQ32zsIQ==",
      "license": "MIT",
      "engines": {
        "node": "^18.18.0 || ^20.9.0 || >=21.1.0"
      },
      "funding": {
        "type": "opencollective",
        "url": "https://opencollective.com/typescript-eslint"
      },
      "peerDependencies": {
        "typescript": ">=4.8.4 <6.0.0"
      }
    },
    "node_modules/@teambit/typescript.deps-detectors.detective-typescript/node_modules/@typescript-eslint/types": {
      "version": "8.39.0",
      "resolved": "https://registry.npmjs.org/@typescript-eslint/types/-/types-8.39.0.tgz",
      "integrity": "sha512-ArDdaOllnCj3yn/lzKn9s0pBQYmmyme/v1HbGIGB0GB/knFI3fWMHloC+oYTJW46tVbYnGKTMDK4ah1sC2v0Kg==",
      "license": "MIT",
      "engines": {
        "node": "^18.18.0 || ^20.9.0 || >=21.1.0"
      },
      "funding": {
        "type": "opencollective",
        "url": "https://opencollective.com/typescript-eslint"
      }
    },
    "node_modules/@teambit/typescript.deps-detectors.detective-typescript/node_modules/@typescript-eslint/typescript-estree": {
      "version": "8.39.0",
      "resolved": "https://registry.npmjs.org/@typescript-eslint/typescript-estree/-/typescript-estree-8.39.0.tgz",
      "integrity": "sha512-ndWdiflRMvfIgQRpckQQLiB5qAKQ7w++V4LlCHwp62eym1HLB/kw7D9f2e8ytONls/jt89TEasgvb+VwnRprsw==",
      "license": "MIT",
      "dependencies": {
        "@typescript-eslint/project-service": "8.39.0",
        "@typescript-eslint/tsconfig-utils": "8.39.0",
        "@typescript-eslint/types": "8.39.0",
        "@typescript-eslint/visitor-keys": "8.39.0",
        "debug": "^4.3.4",
        "fast-glob": "^3.3.2",
        "is-glob": "^4.0.3",
        "minimatch": "^9.0.4",
        "semver": "^7.6.0",
        "ts-api-utils": "^2.1.0"
      },
      "engines": {
        "node": "^18.18.0 || ^20.9.0 || >=21.1.0"
      },
      "funding": {
        "type": "opencollective",
        "url": "https://opencollective.com/typescript-eslint"
      },
      "peerDependencies": {
        "typescript": ">=4.8.4 <6.0.0"
      }
    },
    "node_modules/@teambit/typescript.deps-detectors.detective-typescript/node_modules/@typescript-eslint/visitor-keys": {
      "version": "8.39.0",
      "resolved": "https://registry.npmjs.org/@typescript-eslint/visitor-keys/-/visitor-keys-8.39.0.tgz",
      "integrity": "sha512-ldgiJ+VAhQCfIjeOgu8Kj5nSxds0ktPOSO9p4+0VDH2R2pLvQraaM5Oen2d7NxzMCm+Sn/vJT+mv2H5u6b/3fA==",
      "license": "MIT",
      "dependencies": {
        "@typescript-eslint/types": "8.39.0",
        "eslint-visitor-keys": "^4.2.1"
      },
      "engines": {
        "node": "^18.18.0 || ^20.9.0 || >=21.1.0"
      },
      "funding": {
        "type": "opencollective",
        "url": "https://opencollective.com/typescript-eslint"
      }
    },
    "node_modules/@teambit/typescript.deps-detectors.detective-typescript/node_modules/balanced-match": {
      "version": "1.0.2",
      "resolved": "https://registry.npmjs.org/balanced-match/-/balanced-match-1.0.2.tgz",
      "integrity": "sha512-3oSeUO0TMV67hN1AmbXsK4yaqU7tjiHlbxRDZOpH0KW9+CeX4bRAaX0Anxt0tx2MrpRpWwQaPwIlISEJhYU5Pw==",
      "license": "MIT"
    },
    "node_modules/@teambit/typescript.deps-detectors.detective-typescript/node_modules/brace-expansion": {
      "version": "2.1.7",
      "resolved": "https://registry.npmjs.org/brace-expansion/-/brace-expansion-2.1.7.tgz",
      "integrity": "sha512-uZbew1NqdmPDTMJ8ah1y+b+9QEJrfkXFk3RcTQw3X0jW/xRUvFKsg1CfQdSYGdTbXZWExtU3J3ccxtnfw1Fi0g==",
      "license": "MIT",
      "dependencies": {
        "balanced-match": "^1.0.0"
      }
    },
    "node_modules/@teambit/typescript.deps-detectors.detective-typescript/node_modules/eslint-visitor-keys": {
      "version": "4.2.1",
      "resolved": "https://registry.npmjs.org/eslint-visitor-keys/-/eslint-visitor-keys-4.2.1.tgz",
      "integrity": "sha512-Uhdk5sfqcee/9H/rCOJikYz67o0a2Tw2hGRPOG2Y1R2dg7brRe1uG0yaNQDHu+TO/uQPF/5eCapvYSmHUjt7JQ==",
      "license": "Apache-2.0",
      "engines": {
        "node": "^18.18.0 || ^20.9.0 || >=21.1.0"
      },
      "funding": {
        "url": "https://opencollective.com/eslint"
      }
    },
    "node_modules/@teambit/typescript.deps-detectors.detective-typescript/node_modules/minimatch": {
      "version": "9.0.9",
      "resolved": "https://registry.npmjs.org/minimatch/-/minimatch-9.0.9.tgz",
      "integrity": "sha512-OBwBN9AL4dqmETlpS2zasx+vTeWclWzkblfZk7KTA5j3jeOONz/tRCnZomUyvNg83wL5Zv9Ss6HMJXAgL8R2Yg==",
      "license": "ISC",
      "dependencies": {
        "brace-expansion": "^2.0.2"
      },
      "engines": {
        "node": ">=16 || 14 >=14.17"
      },
      "funding": {
        "url": "https://github.com/sponsors/isaacs"
      }
    },
    "node_modules/@teambit/typescript.deps-detectors.detective-typescript/node_modules/node-source-walk": {
      "version": "6.0.2",
      "resolved": "https://registry.npmjs.org/node-source-walk/-/node-source-walk-6.0.2.tgz",
      "integrity": "sha512-jn9vOIK/nfqoFCcpK89/VCVaLg1IHE6UVfDOzvqmANaJ/rWCTEdH8RZ1V278nv2jr36BJdyQXIAavBLXpzdlag==",
      "license": "MIT",
      "dependencies": {
        "@babel/parser": "^7.21.8"
      },
      "engines": {
        "node": ">=14"
      }
    },
    "node_modules/@teambit/typescript.deps-lookups.lookup-typescript": {
      "version": "0.0.2",
      "resolved": "https://node-registry.bit.cloud/@teambit/typescript.deps-lookups.lookup-typescript/-/typescript.deps-lookups.lookup-typescript-0.0.2.tgz",
      "integrity": "sha512-TGxD6Nh4WQxplJ3CtePzZHkJPn0V5VlSJHGviFkGgz13g2uY+kcokPhIHm/sKuVvLw69eyt8T+MO+9jkB0DMmg==",
      "license": "SEE LICENSE IN LICENSE",
      "dependencies": {
        "app-module-path": "^2.2.0",
        "enhanced-resolve": "^5.15.0",
        "is-relative-path": "^2.0.0",
        "module-definition": "^5.0.1",
        "object-assign": "^4.1.1",
        "resolve": "^1.22.6",
        "typescript": "^5.2.2"
      }
    },
    "node_modules/@teambit/typescript.deps-lookups.lookup-typescript/node_modules/ast-module-types": {
      "version": "5.0.0",
      "resolved": "https://registry.npmjs.org/ast-module-types/-/ast-module-types-5.0.0.tgz",
      "integrity": "sha512-JvqziE0Wc0rXQfma0HZC/aY7URXHFuZV84fJRtP8u+lhp0JYCNd5wJzVXP45t0PH0Mej3ynlzvdyITYIu0G4LQ==",
      "license": "MIT",
      "engines": {
        "node": ">=14"
      }
    },
    "node_modules/@teambit/typescript.deps-lookups.lookup-typescript/node_modules/module-definition": {
      "version": "5.0.1",
      "resolved": "https://registry.npmjs.org/module-definition/-/module-definition-5.0.1.tgz",
      "integrity": "sha512-kvw3B4G19IXk+BOXnYq/D/VeO9qfHaapMeuS7w7sNUqmGaA6hywdFHMi+VWeR9wUScXM7XjoryTffCZ5B0/8IA==",
      "license": "MIT",
      "dependencies": {
        "ast-module-types": "^5.0.0",
        "node-source-walk": "^6.0.1"
      },
      "bin": {
        "module-definition": "bin/cli.js"
      },
      "engines": {
        "node": ">=14"
      }
    },
    "node_modules/@teambit/typescript.deps-lookups.lookup-typescript/node_modules/node-source-walk": {
      "version": "6.0.2",
      "resolved": "https://registry.npmjs.org/node-source-walk/-/node-source-walk-6.0.2.tgz",
      "integrity": "sha512-jn9vOIK/nfqoFCcpK89/VCVaLg1IHE6UVfDOzvqmANaJ/rWCTEdH8RZ1V278nv2jr36BJdyQXIAavBLXpzdlag==",
      "license": "MIT",
      "dependencies": {
        "@babel/parser": "^7.21.8"
      },
      "engines": {
        "node": ">=14"
      }
    },
    "node_modules/app-module-path": {
      "version": "2.2.0",
      "resolved": "https://registry.npmjs.org/app-module-path/-/app-module-path-2.2.0.tgz",
      "integrity": "sha512-gkco+qxENJV+8vFcDiiFhuoSvRXb2a/QPqpSoWhVz829VNJfOTnELbBmPmNKFxf3xdNnw4DWCkzkDaavcX/1YQ==",
      "license": "BSD-2-Clause"
    },
    "node_modules/ast-module-types": {
      "version": "2.7.1",
      "resolved": "https://registry.npmjs.org/ast-module-types/-/ast-module-types-2.7.1.tgz",
      "integrity": "sha512-Rnnx/4Dus6fn7fTqdeLEAn5vUll5w7/vts0RN608yFa6si/rDOUonlIIiwugHBFWjylHjxm9owoSZn71KwG4gw==",
      "license": "MIT"
    },
    "node_modules/braces": {
      "version": "3.0.3",
      "resolved": "https://registry.npmjs.org/braces/-/braces-3.0.3.tgz",
      "integrity": "sha512-yQbXgO/OSZVD2IsiLlro+7Hf6Q18EJrKSEsdoMzKePKXct3gvD8oLcOQdIzGupr5Fj+EDe8gO/lxc1BzfMpxvA==",
      "license": "MIT",
      "dependencies": {
        "fill-range": "^7.1.1"
      },
      "engines": {
        "node": ">=8"
      }
    },
    "node_modules/commander": {
      "version": "10.0.1",
      "resolved": "https://registry.npmjs.org/commander/-/commander-10.0.1.tgz",
      "integrity": "sha512-y4Mg2tXshplEbSGzx7amzPwKKOCGuoSRP/CjEdwwk0FOGlUbq6lKuoyDZTNZkmxHdJtp54hdfY/JUrdL7Xfdug==",
      "license": "MIT",
      "engines": {
        "node": ">=14"
      }
    },
    "node_modules/css-tree": {
      "version": "2.3.1",
      "resolved": "https://registry.npmjs.org/css-tree/-/css-tree-2.3.1.tgz",
      "integrity": "sha512-6Fv1DV/TYw//QF5IzQdqsNDjx/wc8TrMBZsqjL9eW01tWb7R7k/mq+/VXfJCl7SoD5emsJop9cOByJZfs8hYIw==",
      "license": "MIT",
      "dependencies": {
        "mdn-data": "2.0.30",
        "source-map-js": "^1.0.1"
      },
      "engines": {
        "node": "^10 || ^12.20.0 || ^14.13.0 || >=15.0.0"
      }
    },
    "node_modules/debug": {
      "version": "4.3.4",
      "resolved": "https://registry.npmjs.org/debug/-/debug-4.3.4.tgz",
      "integrity": "sha512-PRWFHuSU3eDtQJPvnNY7Jcket1j0t5OuOsFzPPzsekD52Zl8qUfFIPEiswXqIvHWGVHOgX+7G/vCNNhehwxfkQ==",
      "license": "MIT",
      "dependencies": {
        "ms": "2.1.2"
      },
      "engines": {
        "node": ">=6.0"
      },
      "peerDependenciesMeta": {
        "supports-color": {
          "optional": true
        }
      }
    },
    "node_modules/deep-is": {
      "version": "0.1.4",
      "resolved": "https://registry.npmjs.org/deep-is/-/deep-is-0.1.4.tgz",
      "integrity": "sha512-oIPzksmTg4/MriiaYGO+okXDT7ztn/w3Eptv/+gSIdMdKsJo0u4CfYNFJPy+4SKMuCqGw2wxnA+URMg3t8a/bQ==",
      "license": "MIT"
    },
    "node_modules/detective-amd": {
      "version": "3.0.1",
      "resolved": "https://registry.npmjs.org/detective-amd/-/detective-amd-3.0.1.tgz",
      "integrity": "sha512-vJgluSKkPyo+/McW9hzwmZwY1VPA3BS0VS1agdpPAWAhr65HwC1ox4Ig82rVfGYDYCa4GcKQON5JWBk++2Kf1Q==",
      "license": "MIT",
      "dependencies": {
        "ast-module-types": "^2.7.0",
        "escodegen": "^1.8.0",
        "get-amd-module-type": "^3.0.0",
        "node-source-walk": "^4.0.0"
      },
      "bin": {
        "detective-amd": "bin/detective-amd.js"
      },
      "engines": {
        "node": ">= 6.0"
      }
    },
    "node_modules/detective-stylus": {
      "version": "1.0.0",
      "resolved": "https://registry.npmjs.org/detective-stylus/-/detective-stylus-1.0.0.tgz",
      "integrity": "sha512-HelsT2sUFhMHumcu96Fq8tKQLLeIxMbEmj5zhPYQojuL9qJRUFlX39YsqIwBE9ttxNSI5DM3xO/NTkG4BYV5eA==",
      "license": "MIT"
    },
    "node_modules/enhanced-resolve": {
      "version": "5.26.0",
      "resolved": "https://registry.npmjs.org/enhanced-resolve/-/enhanced-resolve-5.26.0.tgz",
      "integrity": "sha512-9vhedylFonb2YGogzUKX6+Ja72gOJbN1QHAqdrvqLwhdl/QWbKopzoUC9EbQNVsAns/bx/4uyqalrQAoy1IByw==",
      "license": "MIT",
      "dependencies": {
        "graceful-fs": "^4.2.4",
        "tapable": "^2.3.3"
      },
      "engines": {
        "node": ">=10.13.0"
      }
    },
    "node_modules/es-errors": {
      "version": "1.3.0",
      "resolved": "https://registry.npmjs.org/es-errors/-/es-errors-1.3.0.tgz",
      "integrity": "sha512-Zf5H2Kxt2xjTvbJvP2ZWLEICxA6j+hAmMzIlypy4xcBg1vKVnx89Wy0GbS+kf5cwCVFFzdCFh2XSCFNULS6csw==",
      "license": "MIT",
      "engines": {
        "node": ">= 0.4"
      }
    },
    "node_modules/escodegen": {
      "version": "1.14.3",
      "resolved": "https://registry.npmjs.org/escodegen/-/escodegen-1.14.3.tgz",
      "integrity": "sha512-qFcX0XJkdg+PB3xjZZG/wKSuT1PnQWx57+TVSjIMmILd2yC/6ByYElPwJnslDsuWuSAp4AwJGumarAAmJch5Kw==",
      "license": "BSD-2-Clause",
      "dependencies": {
        "esprima": "^4.0.1",
        "estraverse": "^4.2.0",
        "esutils": "^2.0.2",
        "optionator": "^0.8.1"
      },
      "bin": {
        "escodegen": "bin/escodegen.js",
        "esgenerate": "bin/esgenerate.js"
      },
      "engines": {
        "node": ">=4.0"
      },
      "optionalDependencies": {
        "source-map": "~0.6.1"
      }
    },
    "node_modules/esprima": {
      "version": "4.0.1",
      "resolved": "https://registry.npmjs.org/esprima/-/esprima-4.0.1.tgz",
      "integrity": "sha512-eGuFFw7Upda+g4p+QHvnW0RyTX/SVeJBDM/gCtMARO0cLuT2HcEKnTPvhjV6aGeqrCB/sbNop0Kszm0jsaWU4A==",
      "license": "BSD-2-Clause",
      "bin": {
        "esparse": "bin/esparse.js",
        "esvalidate": "bin/esvalidate.js"
      },
      "engines": {
        "node": ">=4"
      }
    },
    "node_modules/estraverse": {
      "version": "4.3.0",
      "resolved": "https://registry.npmjs.org/estraverse/-/estraverse-4.3.0.tgz",
      "integrity": "sha512-39nnKffWz8xN1BU/2c79n9nB9HDzo0niYUqx6xyqUnyoAnQyyWpOTdZEeiCch8BBu515t4wp9ZmgVfVhn9EBpw==",
      "license": "BSD-2-Clause",
      "engines": {
        "node": ">=4.0"
      }
    },
    "node_modules/esutils": {
      "version": "2.0.3",
      "resolved": "https://registry.npmjs.org/esutils/-/esutils-2.0.3.tgz",
      "integrity": "sha512-kVscqXk4OCp68SZ0dkgEKVi6/8ij300KBWTJq32P/dYeWTSwK41WyTxalN1eRmA5Z9UU/LX9D7FWSmV9SAYx6g==",
      "license": "BSD-2-Clause",
      "engines": {
        "node": ">=0.10.0"
      }
    },
    "node_modules/fast-glob": {
      "version": "3.3.3",
      "resolved": "https://registry.npmjs.org/fast-glob/-/fast-glob-3.3.3.tgz",
      "integrity": "sha512-7MptL8U0cqcFdzIzwOTHoilX9x5BrNqye7Z/LuC7kCMRio1EMSyqRK3BEAUD7sXRq4iT4AzTVuZdhgQ2TCvYLg==",
      "license": "MIT",
      "dependencies": {
        "@nodelib/fs.stat": "^2.0.2",
        "@nodelib/fs.walk": "^1.2.3",
        "glob-parent": "^5.1.2",
        "merge2": "^1.3.0",
        "micromatch": "^4.0.8"
      },
      "engines": {
        "node": ">=8.6.0"
      }
    },
    "node_modules/fast-levenshtein": {
      "version": "2.0.6",
      "resolved": "https://registry.npmjs.org/fast-levenshtein/-/fast-levenshtein-2.0.6.tgz",
      "integrity": "sha512-DCXu6Ifhqcks7TZKY3Hxp3y6qphY5SJZmrWMDrKcERSOXWQdMhU9Ig/PYrzyw/ul9jOIyh0N4M0tbC5hodg8dw==",
      "license": "MIT"
    },
    "node_modules/fastq": {
      "version": "1.20.3",
      "resolved": "https://registry.npmjs.org/fastq/-/fastq-1.20.3.tgz",
      "integrity": "sha512-XKv5nnLs6nLF71NgiKJLIZFLkPyIEuOselLG7ujZnGrRfQK8HpvY+WqKhAJUAdLomwVHErVS4LfxFlPq0/FTAw==",
      "license": "ISC",
      "dependencies": {
        "reusify": "^1.0.4"
      }
    },
    "node_modules/fill-range": {
      "version": "7.1.1",
      "resolved": "https://registry.npmjs.org/fill-range/-/fill-range-7.1.1.tgz",
      "integrity": "sha512-YsGpe3WHLK8ZYi4tWDg2Jy3ebRz2rXowDxnld4bkQB00cc/1Zw9AWnC0i9ztDJitivtQvaI9KaLyKrc+hBW0yg==",
      "license": "MIT",
      "dependencies": {
        "to-regex-range": "^5.0.1"
      },
      "engines": {
        "node": ">=8"
      }
    },
    "node_modules/fs-extra": {
      "version": "10.0.0",
      "resolved": "https://registry.npmjs.org/fs-extra/-/fs-extra-10.0.0.tgz",
      "integrity": "sha512-C5owb14u9eJwizKGdchcDUQeFtlSHHthBk8pbX9Vc1PFZrLombudjDnNns88aYslCyF6IY5SUw3Roz6xShcEIQ==",
      "license": "MIT",
      "dependencies": {
        "graceful-fs": "^4.2.0",
        "jsonfile": "^6.0.1",
        "universalify": "^2.0.0"
      },
      "engines": {
        "node": ">=12"
      }
    },
    "node_modules/function-bind": {
      "version": "1.1.2",
      "resolved": "https://registry.npmjs.org/function-bind/-/function-bind-1.1.2.tgz",
      "integrity": "sha512-7XHNxH7qX9xG5mIwxkhumTox/MIRNcOgDrxWsMt2pAr23WHp6MrRlN7FBSFpCpr+oVO0F744iUgR82nJMfG2SA==",
      "license": "MIT",
      "funding": {
        "url": "https://github.com/sponsors/ljharb"
      }
    },
    "node_modules/get-amd-module-type": {
      "version": "3.0.2",
      "resolved": "https://registry.npmjs.org/get-amd-module-type/-/get-amd-module-type-3.0.2.tgz",
      "integrity": "sha512-PcuKwB8ouJnKuAPn6Hk3UtdfKoUV3zXRqVEvj8XGIXqjWfgd1j7QGdXy5Z9OdQfzVt1Sk29HVe/P+X74ccOuqw==",
      "license": "MIT",
      "dependencies": {
        "ast-module-types": "^3.0.0",
        "node-source-walk": "^4.2.2"
      },
      "engines": {
        "node": ">=6.0"
      }
    },
    "node_modules/get-amd-module-type/node_modules/ast-module-types": {
      "version": "3.0.0",
      "resolved": "https://registry.npmjs.org/ast-module-types/-/ast-module-types-3.0.0.tgz",
      "integrity": "sha512-CMxMCOCS+4D+DkOQfuZf+vLrSEmY/7xtORwdxs4wtcC1wVgvk2MqFFTwQCFhvWsI4KPU9lcWXPI8DgRiz+xetQ==",
      "license": "MIT",
      "engines": {
        "node": ">=6.0"
      }
    },
    "node_modules/get-amd-module-type/node_modules/node-source-walk": {
      "version": "4.3.0",
      "resolved": "https://registry.npmjs.org/node-source-walk/-/node-source-walk-4.3.0.tgz",
      "integrity": "sha512-8Q1hXew6ETzqKRAs3jjLioSxNfT1cx74ooiF8RlAONwVMcfq+UdzLC2eB5qcPldUxaE5w3ytLkrmV1TGddhZTA==",
      "license": "MIT",
      "dependencies": {
        "@babel/parser": "^7.0.0"
      },
      "engines": {
        "node": ">=6.0"
      }
    },
    "node_modules/glob-parent": {
      "version": "5.1.2",
      "resolved": "https://registry.npmjs.org/glob-parent/-/glob-parent-5.1.2.tgz",
      "integrity": "sha512-AOIgSQCepiJYwP3ARnGx+5VnTu2HBYdzbGP45eLw1vr3zB3vZLeyed1sC9hnbcOc9/SrMyM5RPQrkGz4aS9Zow==",
      "license": "ISC",
      "dependencies": {
        "is-glob": "^4.0.1"
      },
      "engines": {
        "node": ">= 6"
      }
    },
    "node_modules/gonzales-pe": {
      "version": "4.3.0",
      "resolved": "https://registry.npmjs.org/gonzales-pe/-/gonzales-pe-4.3.0.tgz",
      "integrity": "sha512-otgSPpUmdWJ43VXyiNgEYE4luzHCL2pz4wQ0OnDluC6Eg4Ko3Vexy/SrSynglw/eR+OhkzmqFCZa/OFa/RgAOQ==",
      "license": "MIT",
      "dependencies": {
        "minimist": "^1.2.5"
      },
      "bin": {
        "gonzales": "bin/gonzales.js"
      },
      "engines": {
        "node": ">=0.6.0"
      }
    },
    "node_modules/graceful-fs": {
      "version": "4.2.11",
      "resolved": "https://registry.npmjs.org/graceful-fs/-/graceful-fs-4.2.11.tgz",
      "integrity": "sha512-RbJ5/jmFcNNCcDV5o9eTnBLJ/HszWV0P73bc+Ff4nS/rJj+YaS6IGyiOL0VoBYX+l1Wrl3k63h/KrH+nhJ0XvQ==",
      "license": "ISC"
    },
    "node_modules/hasown": {
      "version": "2.0.4",
      "resolved": "https://registry.npmjs.org/hasown/-/hasown-2.0.4.tgz",
      "integrity": "sha512-T2UbfbBEF32wiepXIsMlTW9+dDYC6wMh/t/vYA4tuOMKqWz/n3vr1NFSxQiyP+zk2mXsoMA/i/7qV6LKut1t1A==",
      "license": "MIT",
      "dependencies": {
        "function-bind": "^1.1.2"
      },
      "engines": {
        "node": ">= 0.4"
      }
    },
    "node_modules/is-core-module": {
      "version": "2.17.0",
      "resolved": "https://registry.npmjs.org/is-core-module/-/is-core-module-2.17.0.tgz",
      "integrity": "sha512-J/vG0zBCbIKOQFfufSwyXdMrsohyJIUNkrnmo6WZGzoM7tr/lsbfW5b2BvisL6zsyMzK9UxV9L6c7AoFbyXHOA==",
      "license": "MIT",
      "dependencies": {
        "hasown": "^2.0.4"
      },
      "engines": {
        "node": ">= 0.4"
      },
      "funding": {
        "url": "https://github.com/sponsors/ljharb"
      }
    },
    "node_modules/is-extglob": {
      "version": "2.1.1",
      "resolved": "https://registry.npmjs.org/is-extglob/-/is-extglob-2.1.1.tgz",
      "integrity": "sha512-SbKbANkN603Vi4jEZv49LeVJMn4yGwsbzZworEoyEiutsN3nJYdbO36zfhGJ6QEDpOZIFkDtnq5JRxmvl3jsoQ==",
      "license": "MIT",
      "engines": {
        "node": ">=0.10.0"
      }
    },
    "node_modules/is-glob": {
      "version": "4.0.3",
      "resolved": "https://registry.npmjs.org/is-glob/-/is-glob-4.0.3.tgz",
      "integrity": "sha512-xelSayHH36ZgE7ZWhli7pW34hNbNl8Ojv5KVmkJD4hBdD3th8Tfk9vYasLM+mXWOZhFkgZfxhLSnrwRr4elSSg==",
      "license": "MIT",
      "dependencies": {
        "is-extglob": "^2.1.1"
      },
      "engines": {
        "node": ">=0.10.0"
      }
    },
    "node_modules/is-number": {
      "version": "7.0.0",
      "resolved": "https://registry.npmjs.org/is-number/-/is-number-7.0.0.tgz",
      "integrity": "sha512-41Cifkg6e8TylSpdtTpeLVMqvSBEVzTttHvERD741+pnZ8ANv0004MRL43QKPDlK9cGvNp6NZWZUBlbGXYxxng==",
      "license": "MIT",
      "engines": {
        "node": ">=0.12.0"
      }
    },
    "node_modules/is-relative-path": {
      "version": "2.0.0",
      "resolved": "https://registry.npmjs.org/is-relative-path/-/is-relative-path-2.0.0.tgz",
      "integrity": "sha512-zh+et2tsPzCbKOWt4XXMDqwAyCFwtxGlB5HSDdb4K5/HfazHEHjZyXm5ImnbWplbSVeT8msesmWo0OHOjmr4vQ==",
      "deprecated": "Package no longer supported. Contact Support at https://www.npmjs.com/support for more info.",
      "license": "MIT",
      "engines": {
        "node": ">=0.11.2"
      }
    },
    "node_modules/is-url": {
      "version": "1.2.4",
      "resolved": "https://registry.npmjs.org/is-url/-/is-url-1.2.4.tgz",
      "integrity": "sha512-ITvGim8FhRiYe4IQ5uHSkj7pVaPDrCTkNd3yq3cV7iZAcJdHTUMPMEHcqSOy9xZ9qFenQCvi+2wjH9a1nXqHww==",
      "license": "MIT"
    },
    "node_modules/jsonfile": {
      "version": "6.2.1",
      "resolved": "https://registry.npmjs.org/jsonfile/-/jsonfile-6.2.1.tgz",
      "integrity": "sha512-zwOTdL3rFQ/lRdBnntKVOX6k5cKJwEc1HdilT71BWEu7J41gXIB2MRp+vxduPSwZJPWBxEzv4yH1wYLJGUHX4Q==",
      "license": "MIT",
      "dependencies": {
        "universalify": "^2.0.0"
      },
      "optionalDependencies": {
        "graceful-fs": "^4.1.6"
      }
    },
    "node_modules/levn": {
      "version": "0.3.0",
      "resolved": "https://registry.npmjs.org/levn/-/levn-0.3.0.tgz",
      "integrity": "sha512-0OO4y2iOHix2W6ujICbKIaEQXvFQHue65vUG3pb5EUomzPI90z9hsA1VsO/dbIIpC53J8gxM9Q4Oho0jrCM/yA==",
      "license": "MIT",
      "dependencies": {
        "prelude-ls": "~1.1.2",
        "type-check": "~0.3.2"
      },
      "engines": {
        "node": ">= 0.8.0"
      }
    },
    "node_modules/mdn-data": {
      "version": "2.0.30",
      "resolved": "https://registry.npmjs.org/mdn-data/-/mdn-data-2.0.30.tgz",
      "integrity": "sha512-GaqWWShW4kv/G9IEucWScBx9G1/vsFZZJUO+tD26M8J8z3Kw5RDQjaoZe03YAClgeS/SWPOcb4nkFBTEi5DUEA==",
      "license": "CC0-1.0"
    },
    "node_modules/merge2": {
      "version": "1.4.1",
      "resolved": "https://registry.npmjs.org/merge2/-/merge2-1.4.1.tgz",
      "integrity": "sha512-8q7VEgMJW4J8tcfVPy8g09NcQwZdbwFEqhe/WZkoIzjn/3TGDwtOCYtXGxA3O8tPzpczCCDgv+P2P5y00ZJOOg==",
      "license": "MIT",
      "engines": {
        "node": ">= 8"
      }
    },
    "node_modules/micromatch": {
      "version": "4.0.8",
      "resolved": "https://registry.npmjs.org/micromatch/-/micromatch-4.0.8.tgz",
      "integrity": "sha512-PXwfBhYu0hBCPw8Dn0E+WDYb7af3dSLVWKi3HGv84IdF4TyFoC0ysxFd0Goxw7nSv4T/PzEJQxsYsEiFCKo2BA==",
      "license": "MIT",
      "dependencies": {
        "braces": "^3.0.3",
        "picomatch": "^2.3.1"
      },
      "engines": {
        "node": ">=8.6"
      }
    },
    "node_modules/micromatch/node_modules/picomatch": {
      "version": "2.3.2",
      "resolved": "https://registry.npmjs.org/picomatch/-/picomatch-2.3.2.tgz",
      "integrity": "sha512-V7+vQEJ06Z+c5tSye8S+nHUfI51xoXIXjHQ99cQtKUkQqqO1kO/KCJUfZXuB47h/YBlDhah2H3hdUGXn8ie0oA==",
      "license": "MIT",
      "engines": {
        "node": ">=8.6"
      },
      "funding": {
        "url": "https://github.com/sponsors/jonschlinkert"
      }
    },
    "node_modules/minimist": {
      "version": "1.2.8",
      "resolved": "https://registry.npmjs.org/minimist/-/minimist-1.2.8.tgz",
      "integrity": "sha512-2yyAR8qBkN3YuheJanUpWC5U3bb5osDywNB8RzDVlDwDHbocAJveqqj1u8+SVD7jkWT4yvsHCpWqqWqAxb0zCA==",
      "license": "MIT",
      "funding": {
        "url": "https://github.com/sponsors/ljharb"
      }
    },
    "node_modules/module-definition": {
      "version": "3.3.1",
      "resolved": "https://registry.npmjs.org/module-definition/-/module-definition-3.3.1.tgz",
      "integrity": "sha512-kLidGPwQ2yq484nSD+D3JoJp4Etc0Ox9P0L34Pu/cU4X4HcG7k7p62XI5BBuvURWMRX3RPyuhOcBHbKus+UH4A==",
      "license": "MIT",
      "dependencies": {
        "ast-module-types": "^2.7.1",
        "node-source-walk": "^4.0.0"
      },
      "bin": {
        "module-definition": "bin/module-definition.js"
      },
      "engines": {
        "node": ">=6.0"
      }
    },
    "node_modules/ms": {
      "version": "2.1.2",
      "resolved": "https://registry.npmjs.org/ms/-/ms-2.1.2.tgz",
      "integrity": "sha512-sGkPx+VjMtmA6MX27oA4FBFELFCZZ4S4XqeGOXCv68tT+jb3vk/RyaKWP0PTKyWtmLSM0b+adUTEvbs1PEaH2w==",
      "license": "MIT"
    },
    "node_modules/nanoid": {
      "version": "3.3.20",
      "resolved": "https://registry.npmjs.org/nanoid/-/nanoid-3.3.20.tgz",
      "integrity": "sha512-uKdg2G3GNCKQn9byYOpxbGqrT2fGO5KRt5J/8b3pok8rT6qxGWF6hxMyJiEYtAf+FVyYuD9hRaDqX5uPFYJ4ZQ==",
      "funding": [
        {
          "type": "github",
          "url": "https://github.com/sponsors/ai"
        }
      ],
      "license": "MIT",
      "bin": {
        "nanoid": "bin/nanoid.cjs"
      },
      "engines": {
        "node": "^10 || ^12 || ^13.7 || ^14 || >=15.0.1"
      }
    },
    "node_modules/node-source-walk": {
      "version": "4.2.0",
      "resolved": "https://registry.npmjs.org/node-source-walk/-/node-source-walk-4.2.0.tgz",
      "integrity": "sha512-hPs/QMe6zS94f5+jG3kk9E7TNm4P2SulrKiLWMzKszBfNZvL/V6wseHlTd7IvfW0NZWqPtK3+9yYNr+3USGteA==",
      "license": "MIT",
      "dependencies": {
        "@babel/parser": "^7.0.0"
      },
      "engines": {
        "node": ">=6.0"
      }
    },
    "node_modules/object-assign": {
      "version": "4.1.1",
      "resolved": "https://registry.npmjs.org/object-assign/-/object-assign-4.1.1.tgz",
      "integrity": "sha512-rJgTQnkUnH1sFw8yT6VSU3zD3sWmu6sZhIseY8VX+GRu3P6F7Fu+JNDoXfklElbLJSnc3FUQHVe4cU5hj+BcUg==",
      "license": "MIT",
      "engines": {
        "node": ">=0.10.0"
      }
    },
    "node_modules/optionator": {
      "version": "0.8.3",
      "resolved": "https://registry.npmjs.org/optionator/-/optionator-0.8.3.tgz",
      "integrity": "sha512-+IW9pACdk3XWmmTXG8m3upGUJst5XRGzxMRjXzAuJ1XnIFNvfhjjIuYkDvysnPQ7qzqVzLt78BCruntqRhWQbA==",
      "license": "MIT",
      "dependencies": {
        "deep-is": "~0.1.3",
        "fast-levenshtein": "~2.0.6",
        "levn": "~0.3.0",
        "prelude-ls": "~1.1.2",
        "type-check": "~0.3.2",
        "word-wrap": "~1.2.3"
      },
      "engines": {
        "node": ">= 0.8.0"
      }
    },
    "node_modules/path-parse": {
      "version": "1.0.7",
      "resolved": "https://registry.npmjs.org/path-parse/-/path-parse-1.0.7.tgz",
      "integrity": "sha512-LDJzPVEEEPR+y48z93A0Ed0yXb8pAByGWo/k5YYdYgpY2/2EsOsksJrq7lOHxryrVOn1ejG6oAp8ahvOIQD8sw==",
      "license": "MIT"
    },
    "node_modules/picocolors": {
      "version": "1.1.1",
      "resolved": "https://registry.npmjs.org/picocolors/-/picocolors-1.1.1.tgz",
      "integrity": "sha512-xceH2snhtb5M9liqDsmEw56le376mTZkEX/jEb/RxNFyegNul7eNslCXP9FDj/Lcu0X8KEyMceP2ntpaHrDEVA==",
      "license": "ISC"
    },
    "node_modules/postcss": {
      "version": "8.4.45",
      "resolved": "https://registry.npmjs.org/postcss/-/postcss-8.4.45.tgz",
      "integrity": "sha512-7KTLTdzdZZYscUc65XmjFiB73vBhBfbPztCYdUNvlaso9PrzjzcmjqBPR0lNGkcVlcO4BjiO5rK/qNz+XAen1Q==",
      "funding": [
        {
          "type": "opencollective",
          "url": "https://opencollective.com/postcss/"
        },
        {
          "type": "tidelift",
          "url": "https://tidelift.com/funding/github/npm/postcss"
        },
        {
          "type": "github",
          "url": "https://github.com/sponsors/ai"
        }
      ],
      "license": "MIT",
      "dependencies": {
        "nanoid": "^3.3.7",
        "picocolors": "^1.0.1",
        "source-map-js": "^1.2.0"
      },
      "engines": {
        "node": "^10 || ^12 || >=14"
      }
    },
    "node_modules/postcss-scss": {
      "version": "4.0.9",
      "resolved": "https://registry.npmjs.org/postcss-scss/-/postcss-scss-4.0.9.tgz",
      "integrity": "sha512-AjKOeiwAitL/MXxQW2DliT28EKukvvbEWx3LBmJIRN8KfBGZbRTxNYW0kSqi1COiTZ57nZ9NW06S6ux//N1c9A==",
      "funding": [
        {
          "type": "opencollective",
          "url": "https://opencollective.com/postcss/"
        },
        {
          "type": "tidelift",
          "url": "https://tidelift.com/funding/github/npm/postcss-scss"
        },
        {
          "type": "github",
          "url": "https://github.com/sponsors/ai"
        }
      ],
      "license": "MIT",
      "engines": {
        "node": ">=12.0"
      },
      "peerDependencies": {
        "postcss": "^8.4.29"
      }
    },
    "node_modules/prelude-ls": {
      "version": "1.1.2",
      "resolved": "https://registry.npmjs.org/prelude-ls/-/prelude-ls-1.1.2.tgz",
      "integrity": "sha512-ESF23V4SKG6lVSGZgYNpbsiaAkdab6ZgOxe52p7+Kid3W3u3bxR4Vfd/o21dmN7jSt0IwgZ4v5MUd26FEtXE9w==",
      "engines": {
        "node": ">= 0.8.0"
      }
    },
    "node_modules/queue-microtask": {
      "version": "1.2.3",
      "resolved": "https://registry.npmjs.org/queue-microtask/-/queue-microtask-1.2.3.tgz",
      "integrity": "sha512-NuaNSa6flKT5JaSYQzJok04JzTL1CA6aGhv5rfLW3PgqA+M2ChpZQnAC8h8i4ZFkBS8X5RqkDBHA7r4hej3K9A==",
      "funding": [
        {
          "type": "github",
          "url": "https://github.com/sponsors/feross"
        },
        {
          "type": "patreon",
          "url": "https://www.patreon.com/feross"
        },
        {
          "type": "consulting",
          "url": "https://feross.org/support"
        }
      ],
      "license": "MIT"
    },
    "node_modules/resolve": {
      "version": "1.22.13",
      "resolved": "https://registry.npmjs.org/resolve/-/resolve-1.22.13.tgz",
      "integrity": "sha512-Dj/cW9zBV2aRj6XzCxuGIs3ESZKv02jixne3q6jFZYZ3/Tg09gHHviSMDL4kObh9pqSahdRHEnDoaP2gn8YLhA==",
      "license": "MIT",
      "dependencies": {
        "es-errors": "^1.3.0",
        "is-core-module": "^2.17.0",
        "path-parse": "^1.0.7",
        "supports-preserve-symlinks-flag": "^1.0.0"
      },
      "bin": {
        "resolve": "bin/resolve"
      },
      "engines": {
        "node": ">= 0.4"
      },
      "funding": {
        "url": "https://github.com/sponsors/ljharb"
      }
    },
    "node_modules/resolve-dependency-path": {
      "version": "2.0.0",
      "resolved": "https://registry.npmjs.org/resolve-dependency-path/-/resolve-dependency-path-2.0.0.tgz",
      "integrity": "sha512-DIgu+0Dv+6v2XwRaNWnumKu7GPufBBOr5I1gRPJHkvghrfCGOooJODFvgFimX/KRxk9j0whD2MnKHzM1jYvk9w==",
      "license": "MIT",
      "engines": {
        "node": ">=6.0.0"
      }
    },
    "node_modules/reusify": {
      "version": "1.1.0",
      "resolved": "https://registry.npmjs.org/reusify/-/reusify-1.1.0.tgz",
      "integrity": "sha512-g6QUff04oZpHs0eG5p83rFLhHeV00ug/Yf9nZM6fLeUrPguBTkTQOdpAWWspMh55TZfVQDPaN3NQJfbVRAxdIw==",
      "license": "MIT",
      "engines": {
        "iojs": ">=1.0.0",
        "node": ">=0.10.0"
      }
    },
    "node_modules/run-parallel": {
      "version": "1.2.0",
      "resolved": "https://registry.npmjs.org/run-parallel/-/run-parallel-1.2.0.tgz",
      "integrity": "sha512-5l4VyZR86LZ/lDxZTR6jqL8AFE2S0IFLMP26AbjsLVADxHdhB/c0GUsH+y39UfCi3dzz8OlQuPmnaJOMoDHQBA==",
      "funding": [
        {
          "type": "github",
          "url": "https://github.com/sponsors/feross"
        },
        {
          "type": "patreon",
          "url": "https://www.patreon.com/feross"
        },
        {
          "type": "consulting",
          "url": "https://feross.org/support"
        }
      ],
      "license": "MIT",
      "dependencies": {
        "queue-microtask": "^1.2.2"
      }
    },
    "node_modules/sass-lookup": {
      "version": "5.0.1",
      "resolved": "https://registry.npmjs.org/sass-lookup/-/sass-lookup-5.0.1.tgz",
      "integrity": "sha512-t0X5PaizPc2H4+rCwszAqHZRtr4bugo4pgiCvrBFvIX0XFxnr29g77LJcpyj9A0DcKf7gXMLcgvRjsonYI6x4g==",
      "license": "MIT",
      "dependencies": {
        "commander": "^10.0.1"
      },
      "bin": {
        "sass-lookup": "bin/cli.js"
      },
      "engines": {
        "node": ">=14"
      }
    },
    "node_modules/semver": {
      "version": "7.8.5",
      "resolved": "https://registry.npmjs.org/semver/-/semver-7.8.5.tgz",
      "integrity": "sha512-Y7/KDsb8LjooZpwaqGyulO6DQlksgCncchHGk+sZIY4SBvUocMBEFH5Ur1fI4dV+Jvl0w6cjvucaIi40puRioA==",
      "license": "ISC",
      "bin": {
        "semver": "bin/semver.js"
      },
      "engines": {
        "node": ">=10"
      }
    },
    "node_modules/source-map": {
      "version": "0.6.1",
      "resolved": "https://registry.npmjs.org/source-map/-/source-map-0.6.1.tgz",
      "integrity": "sha512-UjgapumWlbMhkBgzT7Ykc5YXUT46F0iKu8SGXq0bcwP5dz/h0Plj6enJqjz1Zbq2l5WaqYnrVbwWOWMyF3F47g==",
      "license": "BSD-3-Clause",
      "optional": true,
      "engines": {
        "node": ">=0.10.0"
      }
    },
    "node_modules/source-map-js": {
      "version": "1.2.2",
      "resolved": "https://registry.npmjs.org/source-map-js/-/source-map-js-1.2.2.tgz",
      "integrity": "sha512-KGj/8Y43x35aZVDtt+J4mK1hoLGHULMYfSkODJNQjNDC3oW1PqPoxMwo0pLUsWM/UEGzON/NxeHywEfNXNP3Vw==",
      "license": "BSD-3-Clause",
      "engines": {
        "node": ">=0.10.0"
      }
    },
    "node_modules/stylus-lookup": {
      "version": "3.0.2",
      "resolved": "https://registry.npmjs.org/stylus-lookup/-/stylus-lookup-3.0.2.tgz",
      "integrity": "sha512-oEQGHSjg/AMaWlKe7gqsnYzan8DLcGIHe0dUaFkucZZ14z4zjENRlQMCHT4FNsiWnJf17YN9OvrCfCoi7VvOyg==",
      "license": "MIT",
      "dependencies": {
        "commander": "^2.8.1",
        "debug": "^4.1.0"
      },
      "bin": {
        "stylus-lookup": "bin/cli.js"
      },
      "engines": {
        "node": ">=6.0.0"
      }
    },
    "node_modules/stylus-lookup/node_modules/commander": {
      "version": "2.20.3",
      "resolved": "https://registry.npmjs.org/commander/-/commander-2.20.3.tgz",
      "integrity": "sha512-GpVkmM8vF2vQUkj2LvZmD35JxeJOLCwJ9cUkugyk2nuhbv3+mJvpLYYt+0+USMxE+oj+ey/lJEnhZw75x/OMcQ==",
      "license": "MIT"
    },
    "node_modules/supports-preserve-symlinks-flag": {
      "version": "1.0.0",
      "resolved": "https://registry.npmjs.org/supports-preserve-symlinks-flag/-/supports-preserve-symlinks-flag-1.0.0.tgz",
      "integrity": "sha512-ot0WnXS9fgdkgIcePe6RHNk1WA8+muPa6cSjeR3V8K27q9BB1rTE3R1p7Hv0z1ZyAc8s6Vvv8DIyWf681MAt0w==",
      "license": "MIT",
      "engines": {
        "node": ">= 0.4"
      },
      "funding": {
        "url": "https://github.com/sponsors/ljharb"
      }
    },
    "node_modules/tapable": {
      "version": "2.3.3",
      "resolved": "https://registry.npmjs.org/tapable/-/tapable-2.3.3.tgz",
      "integrity": "sha512-uxc/zpqFg6x7C8vOE7lh6Lbda8eEL9zmVm/PLeTPBRhh1xCgdWaQ+J1CUieGpIfm2HdtsUpRv+HshiasBMcc6A==",
      "license": "MIT",
      "engines": {
        "node": ">=6"
      },
      "funding": {
        "type": "opencollective",
        "url": "https://opencollective.com/webpack"
      }
    },
    "node_modules/to-regex-range": {
      "version": "5.0.1",
      "resolved": "https://registry.npmjs.org/to-regex-range/-/to-regex-range-5.0.1.tgz",
      "integrity": "sha512-65P7iz6X5yEr1cwcgvQxbbIw7Uk3gOy5dIdtZ4rDveLqhrdJP+Li/Hx6tyK0NEb+2GCyneCMJiGqrADCSNk8sQ==",
      "license": "MIT",
      "dependencies": {
        "is-number": "^7.0.0"
      },
      "engines": {
        "node": ">=8.0"
      }
    },
    "node_modules/ts-api-utils": {
      "version": "2.5.0",
      "resolved": "https://registry.npmjs.org/ts-api-utils/-/ts-api-utils-2.5.0.tgz",
      "integrity": "sha512-OJ/ibxhPlqrMM0UiNHJ/0CKQkoKF243/AEmplt3qpRgkW8VG7IfOS41h7V8TjITqdByHzrjcS/2si+y4lIh8NA==",
      "license": "MIT",
      "engines": {
        "node": ">=18.12"
      },
      "peerDependencies": {
        "typescript": ">=4.8.4"
      }
    },
    "node_modules/type-check": {
      "version": "0.3.2",
      "resolved": "https://registry.npmjs.org/type-check/-/type-check-0.3.2.tgz",
      "integrity": "sha512-ZCmOJdvOWDBYJlzAoFkC+Q0+bUyEOS1ltgp1MGU03fqHG+dbi9tBFU2Rd9QKiDZFAYrhPh2JUf7rZRIuHRKtOg==",
      "license": "MIT",
      "dependencies": {
        "prelude-ls": "~1.1.2"
      },
      "engines": {
        "node": ">= 0.8.0"
      }
    },
    "node_modules/typescript": {
      "version": "5.9.2",
      "resolved": "https://registry.npmjs.org/typescript/-/typescript-5.9.2.tgz",
      "integrity": "sha512-CWBzXQrc/qOkhidw1OzBTQuYRbfyxDXJMVJ1XNwUHGROVmuaeiEm3OslpZ1RV96d7SKKjZKrSJu3+t/xlw3R9A==",
      "license": "Apache-2.0",
      "bin": {
        "tsc": "bin/tsc",
        "tsserver": "bin/tsserver"
      },
      "engines": {
        "node": ">=14.17"
      }
    },
    "node_modules/universalify": {
      "version": "2.0.1",
      "resolved": "https://registry.npmjs.org/universalify/-/universalify-2.0.1.tgz",
      "integrity": "sha512-gptHNQghINnc/vTGIk0SOFGFNXw7JVrlRUtConJRlvaw6DuX0wO5Jeko9sWrMBhh+PsYAZ7oXAiOnf/UKogyiw==",
      "license": "MIT",
      "engines": {
        "node": ">= 10.0.0"
      }
    },
    "node_modules/word-wrap": {
      "version": "1.2.5",
      "resolved": "https://registry.npmjs.org/word-wrap/-/word-wrap-1.2.5.tgz",
      "integrity": "sha512-BN22B5eaMMI9UMtjrGd5g5eCYPpCPDUy0FJXbYsaT5zYxjFOckS53SQDE3pWkVoWpHXVb3BrYcEN4Twa55B5cA==",
      "license": "MIT",
      "engines": {
        "node": ">=0.10.0"
      }
    }
  }
}
